
Microsoft Visual Studio Solution File, Format Version 12.00
# Visual Studio Version 17
VisualStudioVersion = 17.1.32319.34
MinimumVisualStudioVersion = 10.0.40219.1
Project("{2150E333-8FDC-42A3-9474-1A3956D46DE8}") = "src", "src", "{E5665C9C-BBDC-4C98-B08D-B4EF3659F4E6}"
EndProject
Project("{2150E333-8FDC-42A3-9474-1A3956D46DE8}") = "Building Blocks", "Building Blocks", "{51F6AB66-FDC8-4DF0-A2F7-DF7367E49BBE}"
EndProject
Project("{2150E333-8FDC-42A3-9474-1A3956D46DE8}") = "Services", "Services", "{E7B92252-D82C-4A9B-9435-84C5F8DB2F83}"
EndProject
Project("{2150E333-8FDC-42A3-9474-1A3956D46DE8}") = "Web", "Web", "{15457E22-B62A-41D1-B37D-9F96EADCCC41}"
EndProject
Project("{2150E333-8FDC-42A3-9474-1A3956D46DE8}") = "Identidade", "Identidade", "{6EAE4121-762C-4BEF-AB1F-92720C240029}"
EndProject
Project("{9A19103F-16F7-4668-BE54-9A1E7A4F7556}") = "NSE.Identidade.API", "src\services\NSE.Identidade.API\NSE.Identidade.API.csproj", "{CD5F128C-BE97-44CC-A150-86C1ED8BB64C}"
EndProject
Project("{2150E333-8FDC-42A3-9474-1A3956D46DE8}") = "MVC", "MVC", "{71C9E5E9-2A82-43F2-A065-4D55D26DFE6C}"
EndProject
Project("{9A19103F-16F7-4668-BE54-9A1E7A4F7556}") = "NSE.WebApp.MVC", "src\web\NSE.WebApp.MVC\NSE.WebApp.MVC.csproj", "{E1C64AB9-FDC0-4C57-AD5E-717A3F3677C5}"
EndProject
Project("{2150E333-8FDC-42A3-9474-1A3956D46DE8}") = "Core", "Core", "{E4032E03-C360-4715-BFED-8BE3666B6F94}"
EndProject
Project("{9A19103F-16F7-4668-BE54-9A1E7A4F7556}") = "NSE.Core", "src\building blocks\NSE.Core\NSE.Core.csproj", "{DE442ED4-EC89-4D4D-823F-35C698951466}"
EndProject
Project("{2150E333-8FDC-42A3-9474-1A3956D46DE8}") = "Carrinho", "Carrinho", "{DD556D57-64DA-4AFF-B02A-86D444311693}"
EndProject
Project("{9A19103F-16F7-4668-BE54-9A1E7A4F7556}") = "NSE.Carrinho.API", "src\services\NSE.Carrinho.API\NSE.Carrinho.API.csproj", "{4572E8CB-9B3E-4CA7-A0D9-3CC01A8DE825}"
EndProject
Project("{2150E333-8FDC-42A3-9474-1A3956D46DE8}") = "Catalogo", "Catalogo", "{76E96811-4295-40D5-9F60-C8945BC8CFE6}"
EndProject
Project("{9A19103F-16F7-4668-BE54-9A1E7A4F7556}") = "NSE.Catalogo.API", "src\services\NSE.Catalogo.API\NSE.Catalogo.API.csproj", "{B7943A2D-258D-4E76-8139-7410C75287CB}"
EndProject
Project("{2150E333-8FDC-42A3-9474-1A3956D46DE8}") = "Cliente", "Cliente", "{A59158DA-3228-4238-9325-66E43FEF27DA}"
EndProject
Project("{9A19103F-16F7-4668-BE54-9A1E7A4F7556}") = "NSE.Clientes.API", "src\services\NSE.Cliente.API\NSE.Clientes.API.csproj", "{59D167F4-E54A-4FC0-AE7A-CD762F7F264F}"
EndProject
Project("{2150E333-8FDC-42A3-9474-1A3956D46DE8}") = "Pagamento", "Pagamento", "{C49016C3-2761-423B-A56F-30EDD45C1C2C}"
EndProject
Project("{9A19103F-16F7-4668-BE54-9A1E7A4F7556}") = "NSE.Pagamento.API", "src\services\NSE.Pagamento.API\NSE.Pagamento.API.csproj", "{ACC1FB79-F757-4BED-93ED-536D9AD76D24}"
EndProject
Project("{2150E333-8FDC-42A3-9474-1A3956D46DE8}") = "Pedido", "Pedido", "{89991322-206C-4F33-BE6B-2B89BA9C615B}"
EndProject
Project("{9A19103F-16F7-4668-BE54-9A1E7A4F7556}") = "NSE.Pedido.API", "src\services\NSE.Pedido.API\NSE.Pedido.API.csproj", "{76ECC37F-ACB8-4B4B-9ED1-ADF2002C0D9A}"
EndProject
Project("{2150E333-8FDC-42A3-9474-1A3956D46DE8}") = "Solution Items", "Solution Items", "{A282A213-122B-42C2-BC59-A744C7CB51CF}"
	ProjectSection(SolutionItems) = preProject
		.editorconfig = .editorconfig
	EndProjectSection
EndProject
Project("{2150E333-8FDC-42A3-9474-1A3956D46DE8}") = "MessageBus", "MessageBus", "{D593908C-210A-4FD0-A268-726B06EF7116}"
EndProject
Project("{9A19103F-16F7-4668-BE54-9A1E7A4F7556}") = "NSE.MessageBus", "src\building blocks\NSE.MessageBus\NSE.MessageBus.csproj", "{4E82D917-E1BF-4549-AAF1-E54D312356BB}"
EndProject
Project("{2150E333-8FDC-42A3-9474-1A3956D46DE8}") = "Services", "Services", "{6FE63E94-C44F-450B-BD03-3DF39CC8F707}"
EndProject
Project("{9A19103F-16F7-4668-BE54-9A1E7A4F7556}") = "NSE.WebAPI.Core", "src\building blocks\NSE.WebAPI.Core\NSE.WebAPI.Core.csproj", "{AD7B2A65-1EBB-433B-B1DD-B7B2E07F9011}"
EndProject
Global
	GlobalSection(SolutionConfigurationPlatforms) = preSolution
		Debug|Any CPU = Debug|Any CPU
		Release|Any CPU = Release|Any CPU
	EndGlobalSection
	GlobalSection(ProjectConfigurationPlatforms) = postSolution
		{CD5F128C-BE97-44CC-A150-86C1ED8BB64C}.Debug|Any CPU.ActiveCfg = Debug|Any CPU
		{CD5F128C-BE97-44CC-A150-86C1ED8BB64C}.Debug|Any CPU.Build.0 = Debug|Any CPU
		{CD5F128C-BE97-44CC-A150-86C1ED8BB64C}.Release|Any CPU.ActiveCfg = Release|Any CPU
		{CD5F128C-BE97-44CC-A150-86C1ED8BB64C}.Release|Any CPU.Build.0 = Release|Any CPU
		{E1C64AB9-FDC0-4C57-AD5E-717A3F3677C5}.Debug|Any CPU.ActiveCfg = Debug|Any CPU
		{E1C64AB9-FDC0-4C57-AD5E-717A3F3677C5}.Debug|Any CPU.Build.0 = Debug|Any CPU
		{E1C64AB9-FDC0-4C57-AD5E-717A3F3677C5}.Release|Any CPU.ActiveCfg = Release|Any CPU
		{E1C64AB9-FDC0-4C57-AD5E-717A3F3677C5}.Release|Any CPU.Build.0 = Release|Any CPU
		{DE442ED4-EC89-4D4D-823F-35C698951466}.Debug|Any CPU.ActiveCfg = Debug|Any CPU
		{DE442ED4-EC89-4D4D-823F-35C698951466}.Debug|Any CPU.Build.0 = Debug|Any CPU
		{DE442ED4-EC89-4D4D-823F-35C698951466}.Release|Any CPU.ActiveCfg = Release|Any CPU
		{DE442ED4-EC89-4D4D-823F-35C698951466}.Release|Any CPU.Build.0 = Release|Any CPU
		{4572E8CB-9B3E-4CA7-A0D9-3CC01A8DE825}.Debug|Any CPU.ActiveCfg = Debug|Any CPU
		{4572E8CB-9B3E-4CA7-A0D9-3CC01A8DE825}.Debug|Any CPU.Build.0 = Debug|Any CPU
		{4572E8CB-9B3E-4CA7-A0D9-3CC01A8DE825}.Release|Any CPU.ActiveCfg = Release|Any CPU
		{4572E8CB-9B3E-4CA7-A0D9-3CC01A8DE825}.Release|Any CPU.Build.0 = Release|Any CPU
		{B7943A2D-258D-4E76-8139-7410C75287CB}.Debug|Any CPU.ActiveCfg = Debug|Any CPU
		{B7943A2D-258D-4E76-8139-7410C75287CB}.Debug|Any CPU.Build.0 = Debug|Any CPU
		{B7943A2D-258D-4E76-8139-7410C75287CB}.Release|Any CPU.ActiveCfg = Release|Any CPU
		{B7943A2D-258D-4E76-8139-7410C75287CB}.Release|Any CPU.Build.0 = Release|Any CPU
		{59D167F4-E54A-4FC0-AE7A-CD762F7F264F}.Debug|Any CPU.ActiveCfg = Debug|Any CPU
		{59D167F4-E54A-4FC0-AE7A-CD762F7F264F}.Debug|Any CPU.Build.0 = Debug|Any CPU
		{59D167F4-E54A-4FC0-AE7A-CD762F7F264F}.Release|Any CPU.ActiveCfg = Release|Any CPU
		{59D167F4-E54A-4FC0-AE7A-CD762F7F264F}.Release|Any CPU.Build.0 = Release|Any CPU
		{ACC1FB79-F757-4BED-93ED-536D9AD76D24}.Debug|Any CPU.ActiveCfg = Debug|Any CPU
		{ACC1FB79-F757-4BED-93ED-536D9AD76D24}.Debug|Any CPU.Build.0 = Debug|Any CPU
		{ACC1FB79-F757-4BED-93ED-536D9AD76D24}.Release|Any CPU.ActiveCfg = Release|Any CPU
		{ACC1FB79-F757-4BED-93ED-536D9AD76D24}.Release|Any CPU.Build.0 = Release|Any CPU
		{76ECC37F-ACB8-4B4B-9ED1-ADF2002C0D9A}.Debug|Any CPU.ActiveCfg = Debug|Any CPU
		{76ECC37F-ACB8-4B4B-9ED1-ADF2002C0D9A}.Debug|Any CPU.Build.0 = Debug|Any CPU
		{76ECC37F-ACB8-4B4B-9ED1-ADF2002C0D9A}.Release|Any CPU.ActiveCfg = Release|Any CPU
		{76ECC37F-ACB8-4B4B-9ED1-ADF2002C0D9A}.Release|Any CPU.Build.0 = Release|Any CPU
		{4E82D917-E1BF-4549-AAF1-E54D312356BB}.Debug|Any CPU.ActiveCfg = Debug|Any CPU
		{4E82D917-E1BF-4549-AAF1-E54D312356BB}.Debug|Any CPU.Build.0 = Debug|Any CPU
		{4E82D917-E1BF-4549-AAF1-E54D312356BB}.Release|Any CPU.ActiveCfg = Release|Any CPU
		{4E82D917-E1BF-4549-AAF1-E54D312356BB}.Release|Any CPU.Build.0 = Release|Any CPU
		{AD7B2A65-1EBB-433B-B1DD-B7B2E07F9011}.Debug|Any CPU.ActiveCfg = Debug|Any CPU
		{AD7B2A65-1EBB-433B-B1DD-B7B2E07F9011}.Debug|Any CPU.Build.0 = Debug|Any CPU
		{AD7B2A65-1EBB-433B-B1DD-B7B2E07F9011}.Release|Any CPU.ActiveCfg = Release|Any CPU
		{AD7B2A65-1EBB-433B-B1DD-B7B2E07F9011}.Release|Any CPU.Build.0 = Release|Any CPU
	EndGlobalSection
	GlobalSection(SolutionProperties) = preSolution
		HideSolutionNode = FALSE
	EndGlobalSection
	GlobalSection(NestedProjects) = preSolution
		{51F6AB66-FDC8-4DF0-A2F7-DF7367E49BBE} = {E5665C9C-BBDC-4C98-B08D-B4EF3659F4E6}
		{E7B92252-D82C-4A9B-9435-84C5F8DB2F83} = {E5665C9C-BBDC-4C98-B08D-B4EF3659F4E6}
		{15457E22-B62A-41D1-B37D-9F96EADCCC41} = {E5665C9C-BBDC-4C98-B08D-B4EF3659F4E6}
		{6EAE4121-762C-4BEF-AB1F-92720C240029} = {E7B92252-D82C-4A9B-9435-84C5F8DB2F83}
		{CD5F128C-BE97-44CC-A150-86C1ED8BB64C} = {6EAE4121-762C-4BEF-AB1F-92720C240029}
		{71C9E5E9-2A82-43F2-A065-4D55D26DFE6C} = {15457E22-B62A-41D1-B37D-9F96EADCCC41}
		{E1C64AB9-FDC0-4C57-AD5E-717A3F3677C5} = {71C9E5E9-2A82-43F2-A065-4D55D26DFE6C}
		{E4032E03-C360-4715-BFED-8BE3666B6F94} = {51F6AB66-FDC8-4DF0-A2F7-DF7367E49BBE}
		{DE442ED4-EC89-4D4D-823F-35C698951466} = {E4032E03-C360-4715-BFED-8BE3666B6F94}
		{DD556D57-64DA-4AFF-B02A-86D444311693} = {E7B92252-D82C-4A9B-9435-84C5F8DB2F83}
		{4572E8CB-9B3E-4CA7-A0D9-3CC01A8DE825} = {DD556D57-64DA-4AFF-B02A-86D444311693}
		{76E96811-4295-40D5-9F60-C8945BC8CFE6} = {E7B92252-D82C-4A9B-9435-84C5F8DB2F83}
		{B7943A2D-258D-4E76-8139-7410C75287CB} = {76E96811-4295-40D5-9F60-C8945BC8CFE6}
		{A59158DA-3228-4238-9325-66E43FEF27DA} = {E7B92252-D82C-4A9B-9435-84C5F8DB2F83}
		{59D167F4-E54A-4FC0-AE7A-CD762F7F264F} = {A59158DA-3228-4238-9325-66E43FEF27DA}
		{C49016C3-2761-423B-A56F-30EDD45C1C2C} = {E7B92252-D82C-4A9B-9435-84C5F8DB2F83}
		{ACC1FB79-F757-4BED-93ED-536D9AD76D24} = {C49016C3-2761-423B-A56F-30EDD45C1C2C}
		{89991322-206C-4F33-BE6B-2B89BA9C615B} = {E7B92252-D82C-4A9B-9435-84C5F8DB2F83}
		{76ECC37F-ACB8-4B4B-9ED1-ADF2002C0D9A} = {89991322-206C-4F33-BE6B-2B89BA9C615B}
		{D593908C-210A-4FD0-A268-726B06EF7116} = {51F6AB66-FDC8-4DF0-A2F7-DF7367E49BBE}
		{4E82D917-E1BF-4549-AAF1-E54D312356BB} = {D593908C-210A-4FD0-A268-726B06EF7116}
		{6FE63E94-C44F-450B-BD03-3DF39CC8F707} = {51F6AB66-FDC8-4DF0-A2F7-DF7367E49BBE}
		{AD7B2A65-1EBB-433B-B1DD-B7B2E07F9011} = {6FE63E94-C44F-450B-BD03-3DF39CC8F707}
	EndGlobalSection
	GlobalSection(ExtensibilityGlobals) = postSolution
		SolutionGuid = {46CBA870-DEAD-47F8-93F9-7DD61C86C9AB}
	EndGlobalSection
EndGlobal
